
Microsoft Visual Studio Solution File, Format Version 12.00
# Visual Studio Version 16
VisualStudioVersion = 16.0.28922.388
MinimumVisualStudioVersion = 10.0.40219.1
Project("{9A19103F-16F7-4668-BE54-9A1E7A4F7556}") = "WalletDepositListener", "src\WalletDepositListener\WalletDepositListener.csproj", "{FD7AC084-FB6A-416E-8BC1-94CB71565D0F}"
EndProject
Project("{9A19103F-16F7-4668-BE54-9A1E7A4F7556}") = "QTWalletClient", "..\QTWalletClient\src\QTWalletClient\QTWalletClient.csproj", "{C57ED055-1C52-4D15-ACF6-F2C3E2B623EC}"
EndProject
Global
	GlobalSection(SolutionConfigurationPlatforms) = preSolution
		Debug|Any CPU = Debug|Any CPU
		Release|Any CPU = Release|Any CPU
	EndGlobalSection
	GlobalSection(ProjectConfigurationPlatforms) = postSolution
		{FD7AC084-FB6A-416E-8BC1-94CB71565D0F}.Debug|Any CPU.ActiveCfg = Debug|Any CPU
		{FD7AC084-FB6A-416E-8BC1-94CB71565D0F}.Debug|Any CPU.Build.0 = Debug|Any CPU
		{FD7AC084-FB6A-416E-8BC1-94CB71565D0F}.Release|Any CPU.ActiveCfg = Release|Any CPU
		{FD7AC084-FB6A-416E-8BC1-94CB71565D0F}.Release|Any CPU.Build.0 = Release|Any CPU
		{C57ED055-1C52-4D15-ACF6-F2C3E2B623EC}.Debug|Any CPU.ActiveCfg = Debug|Any CPU
		{C57ED055-1C52-4D15-ACF6-F2C3E2B623EC}.Debug|Any CPU.Build.0 = Debug|Any CPU
		{C57ED055-1C52-4D15-ACF6-F2C3E2B623EC}.Release|Any CPU.ActiveCfg = Release|Any CPU
		{C57ED055-1C52-4D15-ACF6-F2C3E2B623EC}.Release|Any CPU.Build.0 = Release|Any CPU
	EndGlobalSection
	GlobalSection(SolutionProperties) = preSolution
		HideSolutionNode = FALSE
	EndGlobalSection
	GlobalSection(ExtensibilityGlobals) = postSolution
		SolutionGuid = {C96CB344-867D-46B1-B0B7-F78431C75CD7}
	EndGlobalSection
EndGlobal
